
Microsoft Visual Studio Solution File, Format Version 12.00
# Visual Studio 15
VisualStudioVersion = 15.0.26730.10
MinimumVisualStudioVersion = 10.0.40219.1
Project("{FAE04EC0-301F-11D3-BF4B-00C04F79EFBC}") = "JDecks", "JDecks\JDecks.csproj", "{C97B80D3-0F6D-4F8D-ADA0-D5A92060EC30}"
EndProject
Global
	GlobalSection(SolutionConfigurationPlatforms) = preSolution
		Debug|Any CPU = Debug|Any CPU
		Release|Any CPU = Release|Any CPU
	EndGlobalSection
	GlobalSection(ProjectConfigurationPlatforms) = postSolution
		{C97B80D3-0F6D-4F8D-ADA0-D5A92060EC30}.Debug|Any CPU.ActiveCfg = Debug|Any CPU
		{C97B80D3-0F6D-4F8D-ADA0-D5A92060EC30}.Debug|Any CPU.Build.0 = Debug|Any CPU
		{C97B80D3-0F6D-4F8D-ADA0-D5A92060EC30}.Release|Any CPU.ActiveCfg = Release|Any CPU
		{C97B80D3-0F6D-4F8D-ADA0-D5A92060EC30}.Release|Any CPU.Build.0 = Release|Any CPU
	EndGlobalSection
	GlobalSection(SolutionProperties) = preSolution
		HideSolutionNode = FALSE
	EndGlobalSection
	GlobalSection(ExtensibilityGlobals) = postSolution
		SolutionGuid = {23CFEFFE-F179-4F3D-B14F-8512D564DE61}
	EndGlobalSection
EndGlobal
